// !$*UTF8*$!
{
	archiveVersion = 1;
	classes = {
	};
	objectVersion = 56;
	objects = {

/* Begin PBXBuildFile section */
		49993F8C2B1226700092B02A /* AppDelegate.swift in Sources */ = {isa = PBXBuildFile; fileRef = 49993F8B2B1226700092B02A /* AppDelegate.swift */; };
		49993F8E2B1226700092B02A /* SceneDelegate.swift in Sources */ = {isa = PBXBuildFile; fileRef = 49993F8D2B1226700092B02A /* SceneDelegate.swift */; };
		49993F902B1226700092B02A /* TaskListViewController.swift in Sources */ = {isa = PBXBuildFile; fileRef = 49993F8F2B1226700092B02A /* TaskListViewController.swift */; };
		49993F962B1226700092B02A /* TestListHWApp.xcdatamodeld in Sources */ = {isa = PBXBuildFile; fileRef = 49993F942B1226700092B02A /* TestListHWApp.xcdatamodeld */; };
		49993F982B1226720092B02A /* Assets.xcassets in Resources */ = {isa = PBXBuildFile; fileRef = 49993F972B1226720092B02A /* Assets.xcassets */; };
		49993F9B2B1226720092B02A /* LaunchScreen.storyboard in Resources */ = {isa = PBXBuildFile; fileRef = 49993F992B1226720092B02A /* LaunchScreen.storyboard */; };
		49993FA52B1247150092B02A /* FilledButtonFactory.swift in Sources */ = {isa = PBXBuildFile; fileRef = 49993FA42B1247150092B02A /* FilledButtonFactory.swift */; };
		49993FA72B12775E0092B02A /* StorageManager.swift in Sources */ = {isa = PBXBuildFile; fileRef = 49993FA62B12775E0092B02A /* StorageManager.swift */; };
/* End PBXBuildFile section */

/* Begin PBXFileReference section */
		49993F882B1226700092B02A /* TestListHWApp.app */ = {isa = PBXFileReference; explicitFileType = wrapper.application; includeInIndex = 0; path = TestListHWApp.app; sourceTree = BUILT_PRODUCTS_DIR; };
		49993F8B2B1226700092B02A /* AppDelegate.swift */ = {isa = PBXFileReference; lastKnownFileType = sourcecode.swift; path = AppDelegate.swift; sourceTree = "<group>"; };
		49993F8D2B1226700092B02A /* SceneDelegate.swift */ = {isa = PBXFileReference; lastKnownFileType = sourcecode.swift; path = SceneDelegate.swift; sourceTree = "<group>"; };
		49993F8F2B1226700092B02A /* TaskListViewController.swift */ = {isa = PBXFileReference; lastKnownFileType = sourcecode.swift; path = TaskListViewController.swift; sourceTree = "<group>"; };
		49993F952B1226700092B02A /* TestListHWApp.xcdatamodel */ = {isa = PBXFileReference; lastKnownFileType = wrapper.xcdatamodel; path = TestListHWApp.xcdatamodel; sourceTree = "<group>"; };
		49993F972B1226720092B02A /* Assets.xcassets */ = {isa = PBXFileReference; lastKnownFileType = folder.assetcatalog; path = Assets.xcassets; sourceTree = "<group>"; };
		49993F9A2B1226720092B02A /* Base */ = {isa = PBXFileReference; lastKnownFileType = file.storyboard; name = Base; path = Base.lproj/LaunchScreen.storyboard; sourceTree = "<group>"; };
		49993F9C2B1226720092B02A /* Info.plist */ = {isa = PBXFileReference; lastKnownFileType = text.plist.xml; path = Info.plist; sourceTree = "<group>"; };
		49993FA42B1247150092B02A /* FilledButtonFactory.swift */ = {isa = PBXFileReference; lastKnownFileType = sourcecode.swift; path = FilledButtonFactory.swift; sourceTree = "<group>"; };
		49993FA62B12775E0092B02A /* StorageManager.swift */ = {isa = PBXFileReference; lastKnownFileType = sourcecode.swift; path = StorageManager.swift; sourceTree = "<group>"; };
/* End PBXFileReference section */

/* Begin PBXFrameworksBuildPhase section */
		49993F852B1226700092B02A /* Frameworks */ = {
			isa = PBXFrameworksBuildPhase;
			buildActionMask = 2147483647;
			files = (
			);
			runOnlyForDeploymentPostprocessing = 0;
		};
/* End PBXFrameworksBuildPhase section */

/* Begin PBXGroup section */
		49993F7F2B1226700092B02A = {
			isa = PBXGroup;
			children = (
				49993F8A2B1226700092B02A /* TestListHWApp */,
				49993F892B1226700092B02A /* Products */,
			);
			sourceTree = "<group>";
		};
		49993F892B1226700092B02A /* Products */ = {
			isa = PBXGroup;
			children = (
				49993F882B1226700092B02A /* TestListHWApp.app */,
			);
			name = Products;
			sourceTree = "<group>";
		};
		49993F8A2B1226700092B02A /* TestListHWApp */ = {
			isa = PBXGroup;
			children = (
				49993FA92B13A91C0092B02A /* App */,
				49993FAA2B13A9380092B02A /* Factory */,
				49993FAB2B13A9660092B02A /* ViewControllers */,
				49993FA82B13A8C90092B02A /* Models */,
				49993FAC2B13A9850092B02A /* Resouces */,
				49993FAD2B13A9A60092B02A /* StoryBoards */,
				49993FAE2B13A9B80092B02A /* Data */,
			);
			path = TestListHWApp;
			sourceTree = "<group>";
		};
		49993FA82B13A8C90092B02A /* Models */ = {
			isa = PBXGroup;
			children = (
				49993FA62B12775E0092B02A /* StorageManager.swift */,
			);
			path = Models;
			sourceTree = "<group>";
		};
		49993FA92B13A91C0092B02A /* App */ = {
			isa = PBXGroup;
			children = (
				49993F8B2B1226700092B02A /* AppDelegate.swift */,
				49993F8D2B1226700092B02A /* SceneDelegate.swift */,
				49993F9C2B1226720092B02A /* Info.plist */,
			);
			path = App;
			sourceTree = "<group>";
		};
		49993FAA2B13A9380092B02A /* Factory */ = {
			isa = PBXGroup;
			children = (
				49993FA42B1247150092B02A /* FilledButtonFactory.swift */,
			);
			path = Factory;
			sourceTree = "<group>";
		};
		49993FAB2B13A9660092B02A /* ViewControllers */ = {
			isa = PBXGroup;
			children = (
				49993F8F2B1226700092B02A /* TaskListViewController.swift */,
			);
			path = ViewControllers;
			sourceTree = "<group>";
		};
		49993FAC2B13A9850092B02A /* Resouces */ = {
			isa = PBXGroup;
			children = (
				49993F972B1226720092B02A /* Assets.xcassets */,
			);
			path = Resouces;
			sourceTree = "<group>";
		};
		49993FAD2B13A9A60092B02A /* StoryBoards */ = {
			isa = PBXGroup;
			children = (
				49993F992B1226720092B02A /* LaunchScreen.storyboard */,
			);
			path = StoryBoards;
			sourceTree = "<group>";
		};
		49993FAE2B13A9B80092B02A /* Data */ = {
			isa = PBXGroup;
			children = (
				49993F942B1226700092B02A /* TestListHWApp.xcdatamodeld */,
			);
			path = Data;
			sourceTree = "<group>";
		};
/* End PBXGroup section */

/* Begin PBXNativeTarget section */
		49993F872B1226700092B02A /* TestListHWApp */ = {
			isa = PBXNativeTarget;
			buildConfigurationList = 49993F9F2B1226720092B02A /* Build configuration list for PBXNativeTarget "TestListHWApp" */;
			buildPhases = (
				49993F842B1226700092B02A /* Sources */,
				49993F852B1226700092B02A /* Frameworks */,
				49993F862B1226700092B02A /* Resources */,
			);
			buildRules = (
			);
			dependencies = (
			);
			name = TestListHWApp;
			productName = TestListHWApp;
			productReference = 49993F882B1226700092B02A /* TestListHWApp.app */;
			productType = "com.apple.product-type.application";
		};
/* End PBXNativeTarget section */

/* Begin PBXProject section */
		49993F802B1226700092B02A /* Project object */ = {
			isa = PBXProject;
			attributes = {
				BuildIndependentTargetsInParallel = 1;
				LastSwiftUpdateCheck = 1500;
				LastUpgradeCheck = 1500;
				TargetAttributes = {
					49993F872B1226700092B02A = {
						CreatedOnToolsVersion = 15.0.1;
					};
				};
			};
			buildConfigurationList = 49993F832B1226700092B02A /* Build configuration list for PBXProject "TestListHWApp" */;
			compatibilityVersion = "Xcode 14.0";
			developmentRegion = en;
			hasScannedForEncodings = 0;
			knownRegions = (
				en,
				Base,
			);
			mainGroup = 49993F7F2B1226700092B02A;
			productRefGroup = 49993F892B1226700092B02A /* Products */;
			projectDirPath = "";
			projectRoot = "";
			targets = (
				49993F872B1226700092B02A /* TestListHWApp */,
			);
		};
/* End PBXProject section */

/* Begin PBXResourcesBuildPhase section */
		49993F862B1226700092B02A /* Resources */ = {
			isa = PBXResourcesBuildPhase;
			buildActionMask = 2147483647;
			files = (
				49993F9B2B1226720092B02A /* LaunchScreen.storyboard in Resources */,
				49993F982B1226720092B02A /* Assets.xcassets in Resources */,
			);
			runOnlyForDeploymentPostprocessing = 0;
		};
/* End PBXResourcesBuildPhase section */

/* Begin PBXSourcesBuildPhase section */
		49993F842B1226700092B02A /* Sources */ = {
			isa = PBXSourcesBuildPhase;
			buildActionMask = 2147483647;
			files = (
				49993F902B1226700092B02A /* TaskListViewController.swift in Sources */,
				49993F8C2B1226700092B02A /* AppDelegate.swift in Sources */,
				49993FA52B1247150092B02A /* FilledButtonFactory.swift in Sources */,
				49993FA72B12775E0092B02A /* StorageManager.swift in Sources */,
				49993F962B1226700092B02A /* TestListHWApp.xcdatamodeld in Sources */,
				49993F8E2B1226700092B02A /* SceneDelegate.swift in Sources */,
			);
			runOnlyForDeploymentPostprocessing = 0;
		};
/* End PBXSourcesBuildPhase section */

/* Begin PBXVariantGroup section */
		49993F992B1226720092B02A /* LaunchScreen.storyboard */ = {
			isa = PBXVariantGroup;
			children = (
				49993F9A2B1226720092B02A /* Base */,
			);
			name = LaunchScreen.storyboard;
			sourceTree = "<group>";
		};
/* End PBXVariantGroup section */

/* Begin XCBuildConfiguration section */
		49993F9D2B1226720092B02A /* Debug */ = {
			isa = XCBuildConfiguration;
			buildSettings = {
				ALWAYS_SEARCH_USER_PATHS = NO;
				ASSETCATALOG_COMPILER_GENERATE_SWIFT_ASSET_SYMBOL_EXTENSIONS = YES;
				CLANG_ANALYZER_NONNULL = YES;
				CLANG_ANALYZER_NUMBER_OBJECT_CONVERSION = YES_AGGRESSIVE;
				CLANG_CXX_LANGUAGE_STANDARD = "gnu++20";
				CLANG_ENABLE_MODULES = YES;
				CLANG_ENABLE_OBJC_ARC = YES;
				CLANG_ENABLE_OBJC_WEAK = YES;
				CLANG_WARN_BLOCK_CAPTURE_AUTORELEASING = YES;
				CLANG_WARN_BOOL_CONVERSION = YES;
				CLANG_WARN_COMMA = YES;
				CLANG_WARN_CONSTANT_CONVERSION = YES;
				CLANG_WARN_DEPRECATED_OBJC_IMPLEMENTATIONS = YES;
				CLANG_WARN_DIRECT_OBJC_ISA_USAGE = YES_ERROR;
				CLANG_WARN_DOCUMENTATION_COMMENTS = YES;
				CLANG_WARN_EMPTY_BODY = YES;
				CLANG_WARN_ENUM_CONVERSION = YES;
				CLANG_WARN_INFINITE_RECURSION = YES;
				CLANG_WARN_INT_CONVERSION = YES;
				CLANG_WARN_NON_LITERAL_NULL_CONVERSION = YES;
				CLANG_WARN_OBJC_IMPLICIT_RETAIN_SELF = YES;
				CLANG_WARN_OBJC_LITERAL_CONVERSION = YES;
				CLANG_WARN_OBJC_ROOT_CLASS = YES_ERROR;
				CLANG_WARN_QUOTED_INCLUDE_IN_FRAMEWORK_HEADER = YES;
				CLANG_WARN_RANGE_LOOP_ANALYSIS = YES;
				CLANG_WARN_STRICT_PROTOTYPES = YES;
				CLANG_WARN_SUSPICIOUS_MOVE = YES;
				CLANG_WARN_UNGUARDED_AVAILABILITY = YES_AGGRESSIVE;
				CLANG_WARN_UNREACHABLE_CODE = YES;
				CLANG_WARN__DUPLICATE_METHOD_MATCH = YES;
				COPY_PHASE_STRIP = NO;
				DEBUG_INFORMATION_FORMAT = dwarf;
				ENABLE_STRICT_OBJC_MSGSEND = YES;
				ENABLE_TESTABILITY = YES;
				ENABLE_USER_SCRIPT_SANDBOXING = YES;
				GCC_C_LANGUAGE_STANDARD = gnu17;
				GCC_DYNAMIC_NO_PIC = NO;
				GCC_NO_COMMON_BLOCKS = YES;
				GCC_OPTIMIZATION_LEVEL = 0;
				GCC_PREPROCESSOR_DEFINITIONS = (
					"DEBUG=1",
					"$(inherited)",
				);
				GCC_WARN_64_TO_32_BIT_CONVERSION = YES;
				GCC_WARN_ABOUT_RETURN_TYPE = YES_ERROR;
				GCC_WARN_UNDECLARED_SELECTOR = YES;
				GCC_WARN_UNINITIALIZED_AUTOS = YES_AGGRESSIVE;
				GCC_WARN_UNUSED_FUNCTION = YES;
				GCC_WARN_UNUSED_VARIABLE = YES;
				IPHONEOS_DEPLOYMENT_TARGET = 17.0;
				LOCALIZATION_PREFERS_STRING_CATALOGS = YES;
				MTL_ENABLE_DEBUG_INFO = INCLUDE_SOURCE;
				MTL_FAST_MATH = YES;
				ONLY_ACTIVE_ARCH = YES;
				SDKROOT = iphoneos;
				SWIFT_ACTIVE_COMPILATION_CONDITIONS = "DEBUG $(inherited)";
				SWIFT_OPTIMIZATION_LEVEL = "-Onone";
			};
			name = Debug;
		};
		49993F9E2B1226720092B02A /* Release */ = {
			isa = XCBuildConfiguration;
			buildSettings = {
				ALWAYS_SEARCH_USER_PATHS = NO;
				ASSETCATALOG_COMPILER_GENERATE_SWIFT_ASSET_SYMBOL_EXTENSIONS = YES;
				CLANG_ANALYZER_NONNULL = YES;
				CLANG_ANALYZER_NUMBER_OBJECT_CONVERSION = YES_AGGRESSIVE;
				CLANG_CXX_LANGUAGE_STANDARD = "gnu++20";
				CLANG_ENABLE_MODULES = YES;
				CLANG_ENABLE_OBJC_ARC = YES;
				CLANG_ENABLE_OBJC_WEAK = YES;
				CLANG_WARN_BLOCK_CAPTURE_AUTORELEASING = YES;
				CLANG_WARN_BOOL_CONVERSION = YES;
				CLANG_WARN_COMMA = YES;
				CLANG_WARN_CONSTANT_CONVERSION = YES;
				CLANG_WARN_DEPRECATED_OBJC_IMPLEMENTATIONS = YES;
				CLANG_WARN_DIRECT_OBJC_ISA_USAGE = YES_ERROR;
				CLANG_WARN_DOCUMENTATION_COMMENTS = YES;
				CLANG_WARN_EMPTY_BODY = YES;
				CLANG_WARN_ENUM_CONVERSION = YES;
				CLANG_WARN_INFINITE_RECURSION = YES;
				CLANG_WARN_INT_CONVERSION = YES;
				CLANG_WARN_NON_LITERAL_NULL_CONVERSION = YES;
				CLANG_WARN_OBJC_IMPLICIT_RETAIN_SELF = YES;
				CLANG_WARN_OBJC_LITERAL_CONVERSION = YES;
				CLANG_WARN_OBJC_ROOT_CLASS = YES_ERROR;
				CLANG_WARN_QUOTED_INCLUDE_IN_FRAMEWORK_HEADER = YES;
				CLANG_WARN_RANGE_LOOP_ANALYSIS = YES;
				CLANG_WARN_STRICT_PROTOTYPES = YES;
				CLANG_WARN_SUSPICIOUS_MOVE = YES;
				CLANG_WARN_UNGUARDED_AVAILABILITY = YES_AGGRESSIVE;
				CLANG_WARN_UNREACHABLE_CODE = YES;
				CLANG_WARN__DUPLICATE_METHOD_MATCH = YES;
				COPY_PHASE_STRIP = NO;
				DEBUG_INFORMATION_FORMAT = "dwarf-with-dsym";
				ENABLE_NS_ASSERTIONS = NO;
				ENABLE_STRICT_OBJC_MSGSEND = YES;
				ENABLE_USER_SCRIPT_SANDBOXING = YES;
				GCC_C_LANGUAGE_STANDARD = gnu17;
				GCC_NO_COMMON_BLOCKS = YES;
				GCC_WARN_64_TO_32_BIT_CONVERSION = YES;
				GCC_WARN_ABOUT_RETURN_TYPE = YES_ERROR;
				GCC_WARN_UNDECLARED_SELECTOR = YES;
				GCC_WARN_UNINITIALIZED_AUTOS = YES_AGGRESSIVE;
				GCC_WARN_UNUSED_FUNCTION = YES;
				GCC_WARN_UNUSED_VARIABLE = YES;
				IPHONEOS_DEPLOYMENT_TARGET = 17.0;
				LOCALIZATION_PREFERS_STRING_CATALOGS = YES;
				MTL_ENABLE_DEBUG_INFO = NO;
				MTL_FAST_MATH = YES;
				SDKROOT = iphoneos;
				SWIFT_COMPILATION_MODE = wholemodule;
				VALIDATE_PRODUCT = YES;
			};
			name = Release;
		};
		49993FA02B1226720092B02A /* Debug */ = {
			isa = XCBuildConfiguration;
			buildSettings = {
				ASSETCATALOG_COMPILER_APPICON_NAME = AppIcon;
				ASSETCATALOG_COMPILER_GLOBAL_ACCENT_COLOR_NAME = AccentColor;
				CODE_SIGN_STYLE = Automatic;
				CURRENT_PROJECT_VERSION = 1;
				GENERATE_INFOPLIST_FILE = YES;
				INFOPLIST_FILE = TestListHWApp/App/Info.plist;
				INFOPLIST_KEY_UIApplicationSupportsIndirectInputEvents = YES;
				INFOPLIST_KEY_UILaunchStoryboardName = LaunchScreen;
				INFOPLIST_KEY_UIStatusBarStyle = UIStatusBarStyleLightContent;
				INFOPLIST_KEY_UISupportedInterfaceOrientations_iPad = "UIInterfaceOrientationPortrait UIInterfaceOrientationPortraitUpsideDown UIInterfaceOrientationLandscapeLeft UIInterfaceOrientationLandscapeRight";
				INFOPLIST_KEY_UISupportedInterfaceOrientations_iPhone = "UIInterfaceOrientationPortrait UIInterfaceOrientationLandscapeLeft UIInterfaceOrientationLandscapeRight";
				LD_RUNPATH_SEARCH_PATHS = (
					"$(inherited)",
					"@executable_path/Frameworks",
				);
				MARKETING_VERSION = 1.0;
				PRODUCT_BUNDLE_IDENTIFIER = ru.home.TestListHWApp;
				PRODUCT_NAME = "$(TARGET_NAME)";
				SWIFT_EMIT_LOC_STRINGS = YES;
				SWIFT_VERSION = 5.0;
				TARGETED_DEVICE_FAMILY = "1,2";
			};
			name = Debug;
		};
		49993FA12B1226720092B02A /* Release */ = {
			isa = XCBuildConfiguration;
			buildSettings = {
				ASSETCATALOG_COMPILER_APPICON_NAME = AppIcon;
				ASSETCATALOG_COMPILER_GLOBAL_ACCENT_COLOR_NAME = AccentColor;
				CODE_SIGN_STYLE = Automatic;
				CURRENT_PROJECT_VERSION = 1;
				GENERATE_INFOPLIST_FILE = YES;
				INFOPLIST_FILE = TestListHWApp/App/Info.plist;
				INFOPLIST_KEY_UIApplicationSupportsIndirectInputEvents = YES;
				INFOPLIST_KEY_UILaunchStoryboardName = LaunchScreen;
				INFOPLIST_KEY_UIStatusBarStyle = UIStatusBarStyleLightContent;
				INFOPLIST_KEY_UISupportedInterfaceOrientations_iPad = "UIInterfaceOrientationPortrait UIInterfaceOrientationPortraitUpsideDown UIInterfaceOrientationLandscapeLeft UIInterfaceOrientationLandscapeRight";
				INFOPLIST_KEY_UISupportedInterfaceOrientations_iPhone = "UIInterfaceOrientationPortrait UIInterfaceOrientationLandscapeLeft UIInterfaceOrientationLandscapeRight";
				LD_RUNPATH_SEARCH_PATHS = (
					"$(inherited)",
					"@executable_path/Frameworks",
				);
				MARKETING_VERSION = 1.0;
				PRODUCT_BUNDLE_IDENTIFIER = ru.home.TestListHWApp;
				PRODUCT_NAME = "$(TARGET_NAME)";
				SWIFT_EMIT_LOC_STRINGS = YES;
				SWIFT_VERSION = 5.0;
				TARGETED_DEVICE_FAMILY = "1,2";
			};
			name = Release;
		};
/* End XCBuildConfiguration section */

/* Begin XCConfigurationList section */
		49993F832B1226700092B02A /* Build configuration list for PBXProject "TestListHWApp" */ = {
			isa = XCConfigurationList;
			buildConfigurations = (
				49993F9D2B1226720092B02A /* Debug */,
				49993F9E2B1226720092B02A /* Release */,
			);
			defaultConfigurationIsVisible = 0;
			defaultConfigurationName = Release;
		};
		49993F9F2B1226720092B02A /* Build configuration list for PBXNativeTarget "TestListHWApp" */ = {
			isa = XCConfigurationList;
			buildConfigurations = (
				49993FA02B1226720092B02A /* Debug */,
				49993FA12B1226720092B02A /* Release */,
			);
			defaultConfigurationIsVisible = 0;
			defaultConfigurationName = Release;
		};
/* End XCConfigurationList section */

/* Begin XCVersionGroup section */
		49993F942B1226700092B02A /* TestListHWApp.xcdatamodeld */ = {
			isa = XCVersionGroup;
			children = (
				49993F952B1226700092B02A /* TestListHWApp.xcdatamodel */,
			);
			currentVersion = 49993F952B1226700092B02A /* TestListHWApp.xcdatamodel */;
			path = TestListHWApp.xcdatamodeld;
			sourceTree = "<group>";
			versionGroupType = wrapper.xcdatamodel;
		};
/* End XCVersionGroup section */
	};
	rootObject = 49993F802B1226700092B02A /* Project object */;
}
